
Microsoft Visual Studio Solution File, Format Version 12.00
# Visual Studio Version 17
VisualStudioVersion = 17.0.31903.59
MinimumVisualStudioVersion = 10.0.40219.1
Project("{FAE04EC0-301F-11D3-BF4B-00C04F79EFBC}") = "simple LogIn", "simple LogIn\simple LogIn.csproj", "{359A258A-C637-4428-95D4-9287F4DD4DDC}"
EndProject
Global
	GlobalSection(SolutionConfigurationPlatforms) = preSolution
		Debug|Any CPU = Debug|Any CPU
		Release|Any CPU = Release|Any CPU
	EndGlobalSection
	GlobalSection(ProjectConfigurationPlatforms) = postSolution
		{359A258A-C637-4428-95D4-9287F4DD4DDC}.Debug|Any CPU.ActiveCfg = Debug|Any CPU
		{359A258A-C637-4428-95D4-9287F4DD4DDC}.Debug|Any CPU.Build.0 = Debug|Any CPU
		{359A258A-C637-4428-95D4-9287F4DD4DDC}.Release|Any CPU.ActiveCfg = Release|Any CPU
		{359A258A-C637-4428-95D4-9287F4DD4DDC}.Release|Any CPU.Build.0 = Release|Any CPU
	EndGlobalSection
	GlobalSection(SolutionProperties) = preSolution
		HideSolutionNode = FALSE
	EndGlobalSection
	GlobalSection(ExtensibilityGlobals) = postSolution
		SolutionGuid = {EFE0706C-541D-435C-A072-997E1BEAECCB}
	EndGlobalSection
EndGlobal
